
Microsoft Visual Studio Solution File, Format Version 12.00
# Visual Studio 15
VisualStudioVersion = 15.0.28307.421
MinimumVisualStudioVersion = 10.0.40219.1
Project("{9A19103F-16F7-4668-BE54-9A1E7A4F7556}") = "TechnicalAssessment", "TechnicalAssessment\TechnicalAssessment.csproj", "{AA15E31C-D30C-440D-BB55-CE80266F0824}"
EndProject
Project("{9A19103F-16F7-4668-BE54-9A1E7A4F7556}") = "TechnicalAssessment.Data", "TechnicalAssessment.Data\TechnicalAssessment.Data.csproj", "{1BB733A0-E0CD-43C2-A6CD-2C77537D2200}"
EndProject
Project("{FAE04EC0-301F-11D3-BF4B-00C04F79EFBC}") = "TechnicalAssessment.Service", "TechnicalAssessment.Service\TechnicalAssessment.Service.csproj", "{DB30E1B3-4592-4E54-AAC9-0723AC4C33C5}"
EndProject
Global
	GlobalSection(SolutionConfigurationPlatforms) = preSolution
		Debug|Any CPU = Debug|Any CPU
		Release|Any CPU = Release|Any CPU
	EndGlobalSection
	GlobalSection(ProjectConfigurationPlatforms) = postSolution
		{AA15E31C-D30C-440D-BB55-CE80266F0824}.Debug|Any CPU.ActiveCfg = Debug|Any CPU
		{AA15E31C-D30C-440D-BB55-CE80266F0824}.Debug|Any CPU.Build.0 = Debug|Any CPU
		{AA15E31C-D30C-440D-BB55-CE80266F0824}.Release|Any CPU.ActiveCfg = Release|Any CPU
		{AA15E31C-D30C-440D-BB55-CE80266F0824}.Release|Any CPU.Build.0 = Release|Any CPU
		{1BB733A0-E0CD-43C2-A6CD-2C77537D2200}.Debug|Any CPU.ActiveCfg = Debug|Any CPU
		{1BB733A0-E0CD-43C2-A6CD-2C77537D2200}.Debug|Any CPU.Build.0 = Debug|Any CPU
		{1BB733A0-E0CD-43C2-A6CD-2C77537D2200}.Release|Any CPU.ActiveCfg = Release|Any CPU
		{1BB733A0-E0CD-43C2-A6CD-2C77537D2200}.Release|Any CPU.Build.0 = Release|Any CPU
		{DB30E1B3-4592-4E54-AAC9-0723AC4C33C5}.Debug|Any CPU.ActiveCfg = Debug|Any CPU
		{DB30E1B3-4592-4E54-AAC9-0723AC4C33C5}.Debug|Any CPU.Build.0 = Debug|Any CPU
		{DB30E1B3-4592-4E54-AAC9-0723AC4C33C5}.Release|Any CPU.ActiveCfg = Release|Any CPU
		{DB30E1B3-4592-4E54-AAC9-0723AC4C33C5}.Release|Any CPU.Build.0 = Release|Any CPU
	EndGlobalSection
	GlobalSection(SolutionProperties) = preSolution
		HideSolutionNode = FALSE
	EndGlobalSection
	GlobalSection(ExtensibilityGlobals) = postSolution
		SolutionGuid = {FFB123A8-F933-4F1F-BF9A-98D8C59787B6}
	EndGlobalSection
EndGlobal
